
Microsoft Visual Studio Solution File, Format Version 12.00
# Visual Studio 15
VisualStudioVersion = 15.0.27004.2005
MinimumVisualStudioVersion = 10.0.40219.1
Project("{8BC9CEB8-8B4A-11D0-8D11-00A0C91BC942}") = "CipherOne", "CipherOne\CipherOne.vcxproj", "{95CF3F2F-4A52-41AC-A704-6BA4BA83293A}"
EndProject
Project("{888888A0-9F3D-457C-B088-3A5042F75D52}") = "LFSR", "LFSR\LFSR.pyproj", "{CCCD25D7-AEAC-4299-909F-161755CD120D}"
EndProject
Global
	GlobalSection(SolutionConfigurationPlatforms) = preSolution
		Debug|Any CPU = Debug|Any CPU
		Debug|x64 = Debug|x64
		Debug|x86 = Debug|x86
		Release|Any CPU = Release|Any CPU
		Release|x64 = Release|x64
		Release|x86 = Release|x86
	EndGlobalSection
	GlobalSection(ProjectConfigurationPlatforms) = postSolution
		{95CF3F2F-4A52-41AC-A704-6BA4BA83293A}.Debug|Any CPU.ActiveCfg = Debug|Win32
		{95CF3F2F-4A52-41AC-A704-6BA4BA83293A}.Debug|x64.ActiveCfg = Debug|x64
		{95CF3F2F-4A52-41AC-A704-6BA4BA83293A}.Debug|x64.Build.0 = Debug|x64
		{95CF3F2F-4A52-41AC-A704-6BA4BA83293A}.Debug|x86.ActiveCfg = Debug|Win32
		{95CF3F2F-4A52-41AC-A704-6BA4BA83293A}.Debug|x86.Build.0 = Debug|Win32
		{95CF3F2F-4A52-41AC-A704-6BA4BA83293A}.Release|Any CPU.ActiveCfg = Release|Win32
		{95CF3F2F-4A52-41AC-A704-6BA4BA83293A}.Release|x64.ActiveCfg = Release|x64
		{95CF3F2F-4A52-41AC-A704-6BA4BA83293A}.Release|x64.Build.0 = Release|x64
		{95CF3F2F-4A52-41AC-A704-6BA4BA83293A}.Release|x86.ActiveCfg = Release|Win32
		{95CF3F2F-4A52-41AC-A704-6BA4BA83293A}.Release|x86.Build.0 = Release|Win32
		{CCCD25D7-AEAC-4299-909F-161755CD120D}.Debug|Any CPU.ActiveCfg = Debug|Any CPU
		{CCCD25D7-AEAC-4299-909F-161755CD120D}.Debug|x64.ActiveCfg = Debug|Any CPU
		{CCCD25D7-AEAC-4299-909F-161755CD120D}.Debug|x86.ActiveCfg = Debug|Any CPU
		{CCCD25D7-AEAC-4299-909F-161755CD120D}.Release|Any CPU.ActiveCfg = Release|Any CPU
		{CCCD25D7-AEAC-4299-909F-161755CD120D}.Release|x64.ActiveCfg = Release|Any CPU
		{CCCD25D7-AEAC-4299-909F-161755CD120D}.Release|x86.ActiveCfg = Release|Any CPU
	EndGlobalSection
	GlobalSection(SolutionProperties) = preSolution
		HideSolutionNode = FALSE
	EndGlobalSection
	GlobalSection(ExtensibilityGlobals) = postSolution
		SolutionGuid = {9EA019AB-4BC3-41AE-888E-0D1942A0565B}
	EndGlobalSection
EndGlobal
